
Microsoft Visual Studio Solution File, Format Version 11.00
# Visual C# Express 2010
Project("{FAE04EC0-301F-11D3-BF4B-00C04F79EFBC}") = "soundboard-test", "test\app\soundboard-test.csproj", "{73729A0D-A270-4A87-9DD1-B2461356AC59}"
EndProject
Project("{FAE04EC0-301F-11D3-BF4B-00C04F79EFBC}") = "soundboard", "src\app\soundboard.csproj", "{C9A89E8B-E94C-431A-8235-5DE603A7927D}"
EndProject
Global
	GlobalSection(SolutionConfigurationPlatforms) = preSolution
		Debug|Any CPU = Debug|Any CPU
		Debug|Mixed Platforms = Debug|Mixed Platforms
		Debug|x86 = Debug|x86
		Release|Any CPU = Release|Any CPU
		Release|Mixed Platforms = Release|Mixed Platforms
		Release|x86 = Release|x86
	EndGlobalSection
	GlobalSection(ProjectConfigurationPlatforms) = postSolution
		{73729A0D-A270-4A87-9DD1-B2461356AC59}.Debug|Any CPU.ActiveCfg = Debug|Any CPU
		{73729A0D-A270-4A87-9DD1-B2461356AC59}.Debug|Any CPU.Build.0 = Debug|Any CPU
		{73729A0D-A270-4A87-9DD1-B2461356AC59}.Debug|Mixed Platforms.ActiveCfg = Debug|Any CPU
		{73729A0D-A270-4A87-9DD1-B2461356AC59}.Debug|Mixed Platforms.Build.0 = Debug|Any CPU
		{73729A0D-A270-4A87-9DD1-B2461356AC59}.Debug|x86.ActiveCfg = Debug|Any CPU
		{73729A0D-A270-4A87-9DD1-B2461356AC59}.Release|Any CPU.ActiveCfg = Release|Any CPU
		{73729A0D-A270-4A87-9DD1-B2461356AC59}.Release|Any CPU.Build.0 = Release|Any CPU
		{73729A0D-A270-4A87-9DD1-B2461356AC59}.Release|Mixed Platforms.ActiveCfg = Release|Any CPU
		{73729A0D-A270-4A87-9DD1-B2461356AC59}.Release|Mixed Platforms.Build.0 = Release|Any CPU
		{73729A0D-A270-4A87-9DD1-B2461356AC59}.Release|x86.ActiveCfg = Release|Any CPU
		{C9A89E8B-E94C-431A-8235-5DE603A7927D}.Debug|Any CPU.ActiveCfg = Debug|Any CPU
		{C9A89E8B-E94C-431A-8235-5DE603A7927D}.Debug|Any CPU.Build.0 = Debug|Any CPU
		{C9A89E8B-E94C-431A-8235-5DE603A7927D}.Debug|Mixed Platforms.ActiveCfg = Debug|Any CPU
		{C9A89E8B-E94C-431A-8235-5DE603A7927D}.Debug|Mixed Platforms.Build.0 = Debug|Any CPU
		{C9A89E8B-E94C-431A-8235-5DE603A7927D}.Debug|x86.ActiveCfg = Debug|Any CPU
		{C9A89E8B-E94C-431A-8235-5DE603A7927D}.Release|Any CPU.ActiveCfg = Release|Any CPU
		{C9A89E8B-E94C-431A-8235-5DE603A7927D}.Release|Any CPU.Build.0 = Release|Any CPU
		{C9A89E8B-E94C-431A-8235-5DE603A7927D}.Release|Mixed Platforms.ActiveCfg = Release|Any CPU
		{C9A89E8B-E94C-431A-8235-5DE603A7927D}.Release|Mixed Platforms.Build.0 = Release|Any CPU
		{C9A89E8B-E94C-431A-8235-5DE603A7927D}.Release|x86.ActiveCfg = Release|Any CPU
	EndGlobalSection
	GlobalSection(SolutionProperties) = preSolution
		HideSolutionNode = FALSE
	EndGlobalSection
EndGlobal
